
Microsoft Visual Studio Solution File, Format Version 12.00
# Visual Studio 15
VisualStudioVersion = 15.0.27703.2042
MinimumVisualStudioVersion = 10.0.40219.1
Project("{FAE04EC0-301F-11D3-BF4B-00C04F79EFBC}") = "UtilityLibrary", "UtilityLibrary\UtilityLibrary.csproj", "{75EA394B-D4F6-444E-AA4C-1070AAB4AD97}"
EndProject
Global
	GlobalSection(SolutionConfigurationPlatforms) = preSolution
		Debug|Any CPU = Debug|Any CPU
		Release|Any CPU = Release|Any CPU
	EndGlobalSection
	GlobalSection(ProjectConfigurationPlatforms) = postSolution
		{75EA394B-D4F6-444E-AA4C-1070AAB4AD97}.Debug|Any CPU.ActiveCfg = Debug|Any CPU
		{75EA394B-D4F6-444E-AA4C-1070AAB4AD97}.Debug|Any CPU.Build.0 = Debug|Any CPU
		{75EA394B-D4F6-444E-AA4C-1070AAB4AD97}.Release|Any CPU.ActiveCfg = Release|Any CPU
		{75EA394B-D4F6-444E-AA4C-1070AAB4AD97}.Release|Any CPU.Build.0 = Release|Any CPU
	EndGlobalSection
	GlobalSection(SolutionProperties) = preSolution
		HideSolutionNode = FALSE
	EndGlobalSection
	GlobalSection(ExtensibilityGlobals) = postSolution
		SolutionGuid = {E3FAA70F-52DC-4FBC-AFC7-9974FF0E878A}
	EndGlobalSection
EndGlobal
